
Microsoft Visual Studio Solution File, Format Version 12.00
# Visual Studio Version 17
VisualStudioVersion = 17.3.32804.467
MinimumVisualStudioVersion = 10.0.40219.1
Project("{FAE04EC0-301F-11D3-BF4B-00C04F79EFBC}") = "WPF_TEST_SQL_2", "WPF_TEST_SQL_2\WPF_TEST_SQL_2.csproj", "{42FFEA77-F157-473F-8A15-438DE2061334}"
EndProject
Global
	GlobalSection(SolutionConfigurationPlatforms) = preSolution
		Debug|Any CPU = Debug|Any CPU
		Release|Any CPU = Release|Any CPU
	EndGlobalSection
	GlobalSection(ProjectConfigurationPlatforms) = postSolution
		{42FFEA77-F157-473F-8A15-438DE2061334}.Debug|Any CPU.ActiveCfg = Debug|Any CPU
		{42FFEA77-F157-473F-8A15-438DE2061334}.Debug|Any CPU.Build.0 = Debug|Any CPU
		{42FFEA77-F157-473F-8A15-438DE2061334}.Release|Any CPU.ActiveCfg = Release|Any CPU
		{42FFEA77-F157-473F-8A15-438DE2061334}.Release|Any CPU.Build.0 = Release|Any CPU
	EndGlobalSection
	GlobalSection(SolutionProperties) = preSolution
		HideSolutionNode = FALSE
	EndGlobalSection
	GlobalSection(ExtensibilityGlobals) = postSolution
		SolutionGuid = {801521F4-937E-4492-82E8-48BE6E4883A6}
	EndGlobalSection
EndGlobal
